Microsoft Visual Studio Solution File, Format Version 12.00
# Visual Studio Version 17
VisualStudioVersion = 17.5.2.0
MinimumVisualStudioVersion = 10.0.40219.1
Project("{FAE04EC0-301F-11D3-BF4B-00C04F79EFBC}") = "hacker-cosplay", "hacker-cosplay.csproj", "{4CEC2089-DF38-71EA-4642-0A6BE759086A}"
EndProject
Global
	GlobalSection(SolutionConfigurationPlatforms) = preSolution
		Debug|Any CPU = Debug|Any CPU
		Release|Any CPU = Release|Any CPU
	EndGlobalSection
	GlobalSection(ProjectConfigurationPlatforms) = postSolution
		{4CEC2089-DF38-71EA-4642-0A6BE759086A}.Debug|Any CPU.ActiveCfg = Debug|Any CPU
		{4CEC2089-DF38-71EA-4642-0A6BE759086A}.Debug|Any CPU.Build.0 = Debug|Any CPU
		{4CEC2089-DF38-71EA-4642-0A6BE759086A}.Release|Any CPU.ActiveCfg = Release|Any CPU
		{4CEC2089-DF38-71EA-4642-0A6BE759086A}.Release|Any CPU.Build.0 = Release|Any CPU
	EndGlobalSection
	GlobalSection(SolutionProperties) = preSolution
		HideSolutionNode = FALSE
	EndGlobalSection
	GlobalSection(ExtensibilityGlobals) = postSolution
		SolutionGuid = {0BC72FAB-C516-412B-98B1-E244C2D1D0EB}
	EndGlobalSection
EndGlobal
